
Microsoft Visual Studio Solution File, Format Version 12.00
# Visual Studio 15
VisualStudioVersion = 15.0.27703.2042
MinimumVisualStudioVersion = 10.0.40219.1
Project("{00D1A9C2-B5F0-4AF3-8072-F6C62B433612}") = "EDWDb", "EDWDb\EDWDb.sqlproj", "{F4204B73-D3CF-45EA-A35E-E23F3ABDBD62}"
EndProject
Global
	GlobalSection(SolutionConfigurationPlatforms) = preSolution
		Debug|Any CPU = Debug|Any CPU
		Release|Any CPU = Release|Any CPU
	EndGlobalSection
	GlobalSection(ProjectConfigurationPlatforms) = postSolution
		{F4204B73-D3CF-45EA-A35E-E23F3ABDBD62}.Debug|Any CPU.ActiveCfg = Debug|Any CPU
		{F4204B73-D3CF-45EA-A35E-E23F3ABDBD62}.Debug|Any CPU.Build.0 = Debug|Any CPU
		{F4204B73-D3CF-45EA-A35E-E23F3ABDBD62}.Debug|Any CPU.Deploy.0 = Debug|Any CPU
		{F4204B73-D3CF-45EA-A35E-E23F3ABDBD62}.Release|Any CPU.ActiveCfg = Release|Any CPU
		{F4204B73-D3CF-45EA-A35E-E23F3ABDBD62}.Release|Any CPU.Build.0 = Release|Any CPU
		{F4204B73-D3CF-45EA-A35E-E23F3ABDBD62}.Release|Any CPU.Deploy.0 = Release|Any CPU
	EndGlobalSection
	GlobalSection(SolutionProperties) = preSolution
		HideSolutionNode = FALSE
	EndGlobalSection
	GlobalSection(ExtensibilityGlobals) = postSolution
		SolutionGuid = {DB3A7840-7501-4BD0-8A75-94AC132145C8}
	EndGlobalSection
EndGlobal
